
Microsoft Visual Studio Solution File, Format Version 12.00
# Visual Studio Version 17
VisualStudioVersion = 17.8.34322.80
MinimumVisualStudioVersion = 10.0.40219.1
Project("{FAE04EC0-301F-11D3-BF4B-00C04F79EFBC}") = "Library_System", "Staj1-Library\Library_System.csproj", "{E0D7BFD9-7CCB-40E4-B5A5-5730D36FAF8B}"
EndProject
Global
	GlobalSection(SolutionConfigurationPlatforms) = preSolution
		Debug|Any CPU = Debug|Any CPU
		Release|Any CPU = Release|Any CPU
	EndGlobalSection
	GlobalSection(ProjectConfigurationPlatforms) = postSolution
		{E0D7BFD9-7CCB-40E4-B5A5-5730D36FAF8B}.Debug|Any CPU.ActiveCfg = Debug|Any CPU
		{E0D7BFD9-7CCB-40E4-B5A5-5730D36FAF8B}.Debug|Any CPU.Build.0 = Debug|Any CPU
		{E0D7BFD9-7CCB-40E4-B5A5-5730D36FAF8B}.Release|Any CPU.ActiveCfg = Release|Any CPU
		{E0D7BFD9-7CCB-40E4-B5A5-5730D36FAF8B}.Release|Any CPU.Build.0 = Release|Any CPU
	EndGlobalSection
	GlobalSection(SolutionProperties) = preSolution
		HideSolutionNode = FALSE
	EndGlobalSection
	GlobalSection(ExtensibilityGlobals) = postSolution
		SolutionGuid = {358D77C5-2267-409A-8411-CB5B83965F5F}
	EndGlobalSection
EndGlobal
